
Microsoft Visual Studio Solution File, Format Version 12.00
# Visual Studio Version 17
VisualStudioVersion = 17.7.34221.43
MinimumVisualStudioVersion = 10.0.40219.1
Project("{FAE04EC0-301F-11D3-BF4B-00C04F79EFBC}") = "Calculator", "Calculator\Calculator.csproj", "{3C0AAD13-E804-45FB-8A64-CE88F786934F}"
EndProject
Global
	GlobalSection(SolutionConfigurationPlatforms) = preSolution
		Debug|Any CPU = Debug|Any CPU
		Release|Any CPU = Release|Any CPU
	EndGlobalSection
	GlobalSection(ProjectConfigurationPlatforms) = postSolution
		{3C0AAD13-E804-45FB-8A64-CE88F786934F}.Debug|Any CPU.ActiveCfg = Debug|Any CPU
		{3C0AAD13-E804-45FB-8A64-CE88F786934F}.Debug|Any CPU.Build.0 = Debug|Any CPU
		{3C0AAD13-E804-45FB-8A64-CE88F786934F}.Release|Any CPU.ActiveCfg = Release|Any CPU
		{3C0AAD13-E804-45FB-8A64-CE88F786934F}.Release|Any CPU.Build.0 = Release|Any CPU
	EndGlobalSection
	GlobalSection(SolutionProperties) = preSolution
		HideSolutionNode = FALSE
	EndGlobalSection
	GlobalSection(ExtensibilityGlobals) = postSolution
		SolutionGuid = {C9D72959-49D5-4141-A713-9289352FC971}
	EndGlobalSection
EndGlobal
